// !$*UTF8*$!
{
	archiveVersion = 1;
	classes = {
	};
	objectVersion = 77;
	objects = {

/* Begin PBXContainerItemProxy section */
		31789BBE2CC51D2F009F93C3 /* PBXContainerItemProxy */ = {
			isa = PBXContainerItemProxy;
			containerPortal = 31789B9F2CC51D2D009F93C3 /* Project object */;
			proxyType = 1;
			remoteGlobalIDString = 31789BA62CC51D2D009F93C3;
			remoteInfo = alternative;
		};
		31789BC82CC51D2F009F93C3 /* PBXContainerItemProxy */ = {
			isa = PBXContainerItemProxy;
			containerPortal = 31789B9F2CC51D2D009F93C3 /* Project object */;
			proxyType = 1;
			remoteGlobalIDString = 31789BA62CC51D2D009F93C3;
			remoteInfo = alternative;
		};
/* End PBXContainerItemProxy section */

/* Begin PBXFileReference section */
		31789BA72CC51D2D009F93C3 /* alternative.app */ = {isa = PBXFileReference; explicitFileType = wrapper.application; includeInIndex = 0; path = alternative.app; sourceTree = BUILT_PRODUCTS_DIR; };
		31789BBD2CC51D2F009F93C3 /* alternativeTests.xctest */ = {isa = PBXFileReference; explicitFileType = wrapper.cfbundle; includeInIndex = 0; path = alternativeTests.xctest; sourceTree = BUILT_PRODUCTS_DIR; };
		31789BC72CC51D2F009F93C3 /* alternativeUITests.xctest */ = {isa = PBXFileReference; explicitFileType = wrapper.cfbundle; includeInIndex = 0; path = alternativeUITests.xctest; sourceTree = BUILT_PRODUCTS_DIR; };
/* End PBXFileReference section */

/* Begin PBXFileSystemSynchronizedRootGroup section */
		31789BA92CC51D2D009F93C3 /* alternative */ = {
			isa = PBXFileSystemSynchronizedRootGroup;
			path = alternative;
			sourceTree = "<group>";
		};
		31789BC02CC51D2F009F93C3 /* alternativeTests */ = {
			isa = PBXFileSystemSynchronizedRootGroup;
			path = alternativeTests;
			sourceTree = "<group>";
		};
		31789BCA2CC51D2F009F93C3 /* alternativeUITests */ = {
			isa = PBXFileSystemSynchronizedRootGroup;
			path = alternativeUITests;
			sourceTree = "<group>";
		};
/* End PBXFileSystemSynchronizedRootGroup section */

/* Begin PBXFrameworksBuildPhase section */
		31789BA42CC51D2D009F93C3 /* Frameworks */ = {
			isa = PBXFrameworksBuildPhase;
			buildActionMask = 2147483647;
			files = (
			);
			runOnlyForDeploymentPostprocessing = 0;
		};
		31789BBA2CC51D2F009F93C3 /* Frameworks */ = {
			isa = PBXFrameworksBuildPhase;
			buildActionMask = 2147483647;
			files = (
			);
			runOnlyForDeploymentPostprocessing = 0;
		};
		31789BC42CC51D2F009F93C3 /* Frameworks */ = {
			isa = PBXFrameworksBuildPhase;
			buildActionMask = 2147483647;
			files = (
			);
			runOnlyForDeploymentPostprocessing = 0;
		};
/* End PBXFrameworksBuildPhase section */

/* Begin PBXGroup section */
		31789B9E2CC51D2D009F93C3 = {
			isa = PBXGroup;
			children = (
				31789BA92CC51D2D009F93C3 /* alternative */,
				31789BC02CC51D2F009F93C3 /* alternativeTests */,
				31789BCA2CC51D2F009F93C3 /* alternativeUITests */,
				31789BA82CC51D2D009F93C3 /* Products */,
			);
			sourceTree = "<group>";
		};
		31789BA82CC51D2D009F93C3 /* Products */ = {
			isa = PBXGroup;
			children = (
				31789BA72CC51D2D009F93C3 /* alternative.app */,
				31789BBD2CC51D2F009F93C3 /* alternativeTests.xctest */,
				31789BC72CC51D2F009F93C3 /* alternativeUITests.xctest */,
			);
			name = Products;
			sourceTree = "<group>";
		};
/* End PBXGroup section */

/* Begin PBXNativeTarget section */
		31789BA62CC51D2D009F93C3 /* alternative */ = {
			isa = PBXNativeTarget;
			buildConfigurationList = 31789BD12CC51D2F009F93C3 /* Build configuration list for PBXNativeTarget "alternative" */;
			buildPhases = (
				31789BA32CC51D2D009F93C3 /* Sources */,
				31789BA42CC51D2D009F93C3 /* Frameworks */,
				31789BA52CC51D2D009F93C3 /* Resources */,
			);
			buildRules = (
			);
			dependencies = (
			);
			fileSystemSynchronizedGroups = (
				31789BA92CC51D2D009F93C3 /* alternative */,
			);
			name = alternative;
			packageProductDependencies = (
			);
			productName = alternative;
			productReference = 31789BA72CC51D2D009F93C3 /* alternative.app */;
			productType = "com.apple.product-type.application";
		};
		31789BBC2CC51D2F009F93C3 /* alternativeTests */ = {
			isa = PBXNativeTarget;
			buildConfigurationList = 31789BD42CC51D2F009F93C3 /* Build configuration list for PBXNativeTarget "alternativeTests" */;
			buildPhases = (
				31789BB92CC51D2F009F93C3 /* Sources */,
				31789BBA2CC51D2F009F93C3 /* Frameworks */,
				31789BBB2CC51D2F009F93C3 /* Resources */,
			);
			buildRules = (
			);
			dependencies = (
				31789BBF2CC51D2F009F93C3 /* PBXTargetDependency */,
			);
			fileSystemSynchronizedGroups = (
				31789BC02CC51D2F009F93C3 /* alternativeTests */,
			);
			name = alternativeTests;
			packageProductDependencies = (
			);
			productName = alternativeTests;
			productReference = 31789BBD2CC51D2F009F93C3 /* alternativeTests.xctest */;
			productType = "com.apple.product-type.bundle.unit-test";
		};
		31789BC62CC51D2F009F93C3 /* alternativeUITests */ = {
			isa = PBXNativeTarget;
			buildConfigurationList = 31789BD72CC51D2F009F93C3 /* Build configuration list for PBXNativeTarget "alternativeUITests" */;
			buildPhases = (
				31789BC32CC51D2F009F93C3 /* Sources */,
				31789BC42CC51D2F009F93C3 /* Frameworks */,
				31789BC52CC51D2F009F93C3 /* Resources */,
			);
			buildRules = (
			);
			dependencies = (
				31789BC92CC51D2F009F93C3 /* PBXTargetDependency */,
			);
			fileSystemSynchronizedGroups = (
				31789BCA2CC51D2F009F93C3 /* alternativeUITests */,
			);
			name = alternativeUITests;
			packageProductDependencies = (
			);
			productName = alternativeUITests;
			productReference = 31789BC72CC51D2F009F93C3 /* alternativeUITests.xctest */;
			productType = "com.apple.product-type.bundle.ui-testing";
		};
/* End PBXNativeTarget section */

/* Begin PBXProject section */
		31789B9F2CC51D2D009F93C3 /* Project object */ = {
			isa = PBXProject;
			attributes = {
				BuildIndependentTargetsInParallel = 1;
				LastSwiftUpdateCheck = 1600;
				LastUpgradeCheck = 1600;
				TargetAttributes = {
					31789BA62CC51D2D009F93C3 = {
						CreatedOnToolsVersion = 16.0;
					};
					31789BBC2CC51D2F009F93C3 = {
						CreatedOnToolsVersion = 16.0;
						TestTargetID = 31789BA62CC51D2D009F93C3;
					};
					31789BC62CC51D2F009F93C3 = {
						CreatedOnToolsVersion = 16.0;
						TestTargetID = 31789BA62CC51D2D009F93C3;
					};
				};
			};
			buildConfigurationList = 31789BA22CC51D2D009F93C3 /* Build configuration list for PBXProject "alternative" */;
			developmentRegion = en;
			hasScannedForEncodings = 0;
			knownRegions = (
				en,
				Base,
			);
			mainGroup = 31789B9E2CC51D2D009F93C3;
			minimizedProjectReferenceProxies = 1;
			preferredProjectObjectVersion = 77;
			productRefGroup = 31789BA82CC51D2D009F93C3 /* Products */;
			projectDirPath = "";
			projectRoot = "";
			targets = (
				31789BA62CC51D2D009F93C3 /* alternative */,
				31789BBC2CC51D2F009F93C3 /* alternativeTests */,
				31789BC62CC51D2F009F93C3 /* alternativeUITests */,
			);
		};
/* End PBXProject section */

/* Begin PBXResourcesBuildPhase section */
		31789BA52CC51D2D009F93C3 /* Resources */ = {
			isa = PBXResourcesBuildPhase;
			buildActionMask = 2147483647;
			files = (
			);
			runOnlyForDeploymentPostprocessing = 0;
		};
		31789BBB2CC51D2F009F93C3 /* Resources */ = {
			isa = PBXResourcesBuildPhase;
			buildActionMask = 2147483647;
			files = (
			);
			runOnlyForDeploymentPostprocessing = 0;
		};
		31789BC52CC51D2F009F93C3 /* Resources */ = {
			isa = PBXResourcesBuildPhase;
			buildActionMask = 2147483647;
			files = (
			);
			runOnlyForDeploymentPostprocessing = 0;
		};
/* End PBXResourcesBuildPhase section */

/* Begin PBXSourcesBuildPhase section */
		31789BA32CC51D2D009F93C3 /* Sources */ = {
			isa = PBXSourcesBuildPhase;
			buildActionMask = 2147483647;
			files = (
			);
			runOnlyForDeploymentPostprocessing = 0;
		};
		31789BB92CC51D2F009F93C3 /* Sources */ = {
			isa = PBXSourcesBuildPhase;
			buildActionMask = 2147483647;
			files = (
			);
			runOnlyForDeploymentPostprocessing = 0;
		};
		31789BC32CC51D2F009F93C3 /* Sources */ = {
			isa = PBXSourcesBuildPhase;
			buildActionMask = 2147483647;
			files = (
			);
			runOnlyForDeploymentPostprocessing = 0;
		};
/* End PBXSourcesBuildPhase section */

/* Begin PBXTargetDependency section */
		31789BBF2CC51D2F009F93C3 /* PBXTargetDependency */ = {
			isa = PBXTargetDependency;
			target = 31789BA62CC51D2D009F93C3 /* alternative */;
			targetProxy = 31789BBE2CC51D2F009F93C3 /* PBXContainerItemProxy */;
		};
		31789BC92CC51D2F009F93C3 /* PBXTargetDependency */ = {
			isa = PBXTargetDependency;
			target = 31789BA62CC51D2D009F93C3 /* alternative */;
			targetProxy = 31789BC82CC51D2F009F93C3 /* PBXContainerItemProxy */;
		};
/* End PBXTargetDependency section */

/* Begin XCBuildConfiguration section */
		31789BCF2CC51D2F009F93C3 /* Debug */ = {
			isa = XCBuildConfiguration;
			buildSettings = {
				ALWAYS_SEARCH_USER_PATHS = NO;
				ASSETCATALOG_COMPILER_GENERATE_SWIFT_ASSET_SYMBOL_EXTENSIONS = YES;
				CLANG_ANALYZER_NONNULL = YES;
				CLANG_ANALYZER_NUMBER_OBJECT_CONVERSION = YES_AGGRESSIVE;
				CLANG_CXX_LANGUAGE_STANDARD = "gnu++20";
				CLANG_ENABLE_MODULES = YES;
				CLANG_ENABLE_OBJC_ARC = YES;
				CLANG_ENABLE_OBJC_WEAK = YES;
				CLANG_WARN_BLOCK_CAPTURE_AUTORELEASING = YES;
				CLANG_WARN_BOOL_CONVERSION = YES;
				CLANG_WARN_COMMA = YES;
				CLANG_WARN_CONSTANT_CONVERSION = YES;
				CLANG_WARN_DEPRECATED_OBJC_IMPLEMENTATIONS = YES;
				CLANG_WARN_DIRECT_OBJC_ISA_USAGE = YES_ERROR;
				CLANG_WARN_DOCUMENTATION_COMMENTS = YES;
				CLANG_WARN_EMPTY_BODY = YES;
				CLANG_WARN_ENUM_CONVERSION = YES;
				CLANG_WARN_INFINITE_RECURSION = YES;
				CLANG_WARN_INT_CONVERSION = YES;
				CLANG_WARN_NON_LITERAL_NULL_CONVERSION = YES;
				CLANG_WARN_OBJC_IMPLICIT_RETAIN_SELF = YES;
				CLANG_WARN_OBJC_LITERAL_CONVERSION = YES;
				CLANG_WARN_OBJC_ROOT_CLASS = YES_ERROR;
				CLANG_WARN_QUOTED_INCLUDE_IN_FRAMEWORK_HEADER = YES;
				CLANG_WARN_RANGE_LOOP_ANALYSIS = YES;
				CLANG_WARN_STRICT_PROTOTYPES = YES;
				CLANG_WARN_SUSPICIOUS_MOVE = YES;
				CLANG_WARN_UNGUARDED_AVAILABILITY = YES_AGGRESSIVE;
				CLANG_WARN_UNREACHABLE_CODE = YES;
				CLANG_WARN__DUPLICATE_METHOD_MATCH = YES;
				COPY_PHASE_STRIP = NO;
				DEBUG_INFORMATION_FORMAT = dwarf;
				ENABLE_STRICT_OBJC_MSGSEND = YES;
				ENABLE_TESTABILITY = YES;
				ENABLE_USER_SCRIPT_SANDBOXING = YES;
				GCC_C_LANGUAGE_STANDARD = gnu17;
				GCC_DYNAMIC_NO_PIC = NO;
				GCC_NO_COMMON_BLOCKS = YES;
				GCC_OPTIMIZATION_LEVEL = 0;
				GCC_PREPROCESSOR_DEFINITIONS = (
					"DEBUG=1",
					"$(inherited)",
				);
				GCC_WARN_64_TO_32_BIT_CONVERSION = YES;
				GCC_WARN_ABOUT_RETURN_TYPE = YES_ERROR;
				GCC_WARN_UNDECLARED_SELECTOR = YES;
				GCC_WARN_UNINITIALIZED_AUTOS = YES_AGGRESSIVE;
				GCC_WARN_UNUSED_FUNCTION = YES;
				GCC_WARN_UNUSED_VARIABLE = YES;
				LOCALIZATION_PREFERS_STRING_CATALOGS = YES;
				MACOSX_DEPLOYMENT_TARGET = 15.0;
				MTL_ENABLE_DEBUG_INFO = INCLUDE_SOURCE;
				MTL_FAST_MATH = YES;
				ONLY_ACTIVE_ARCH = YES;
				SDKROOT = macosx;
				SWIFT_ACTIVE_COMPILATION_CONDITIONS = "DEBUG $(inherited)";
				SWIFT_OPTIMIZATION_LEVEL = "-Onone";
			};
			name = Debug;
		};
		31789BD02CC51D2F009F93C3 /* Release */ = {
			isa = XCBuildConfiguration;
			buildSettings = {
				ALWAYS_SEARCH_USER_PATHS = NO;
				ASSETCATALOG_COMPILER_GENERATE_SWIFT_ASSET_SYMBOL_EXTENSIONS = YES;
				CLANG_ANALYZER_NONNULL = YES;
				CLANG_ANALYZER_NUMBER_OBJECT_CONVERSION = YES_AGGRESSIVE;
				CLANG_CXX_LANGUAGE_STANDARD = "gnu++20";
				CLANG_ENABLE_MODULES = YES;
				CLANG_ENABLE_OBJC_ARC = YES;
				CLANG_ENABLE_OBJC_WEAK = YES;
				CLANG_WARN_BLOCK_CAPTURE_AUTORELEASING = YES;
				CLANG_WARN_BOOL_CONVERSION = YES;
				CLANG_WARN_COMMA = YES;
				CLANG_WARN_CONSTANT_CONVERSION = YES;
				CLANG_WARN_DEPRECATED_OBJC_IMPLEMENTATIONS = YES;
				CLANG_WARN_DIRECT_OBJC_ISA_USAGE = YES_ERROR;
				CLANG_WARN_DOCUMENTATION_COMMENTS = YES;
				CLANG_WARN_EMPTY_BODY = YES;
				CLANG_WARN_ENUM_CONVERSION = YES;
				CLANG_WARN_INFINITE_RECURSION = YES;
				CLANG_WARN_INT_CONVERSION = YES;
				CLANG_WARN_NON_LITERAL_NULL_CONVERSION = YES;
				CLANG_WARN_OBJC_IMPLICIT_RETAIN_SELF = YES;
				CLANG_WARN_OBJC_LITERAL_CONVERSION = YES;
				CLANG_WARN_OBJC_ROOT_CLASS = YES_ERROR;
				CLANG_WARN_QUOTED_INCLUDE_IN_FRAMEWORK_HEADER = YES;
				CLANG_WARN_RANGE_LOOP_ANALYSIS = YES;
				CLANG_WARN_STRICT_PROTOTYPES = YES;
				CLANG_WARN_SUSPICIOUS_MOVE = YES;
				CLANG_WARN_UNGUARDED_AVAILABILITY = YES_AGGRESSIVE;
				CLANG_WARN_UNREACHABLE_CODE = YES;
				CLANG_WARN__DUPLICATE_METHOD_MATCH = YES;
				COPY_PHASE_STRIP = NO;
				DEBUG_INFORMATION_FORMAT = "dwarf-with-dsym";
				ENABLE_NS_ASSERTIONS = NO;
				ENABLE_STRICT_OBJC_MSGSEND = YES;
				ENABLE_USER_SCRIPT_SANDBOXING = YES;
				GCC_C_LANGUAGE_STANDARD = gnu17;
				GCC_NO_COMMON_BLOCKS = YES;
				GCC_WARN_64_TO_32_BIT_CONVERSION = YES;
				GCC_WARN_ABOUT_RETURN_TYPE = YES_ERROR;
				GCC_WARN_UNDECLARED_SELECTOR = YES;
				GCC_WARN_UNINITIALIZED_AUTOS = YES_AGGRESSIVE;
				GCC_WARN_UNUSED_FUNCTION = YES;
				GCC_WARN_UNUSED_VARIABLE = YES;
				LOCALIZATION_PREFERS_STRING_CATALOGS = YES;
				MACOSX_DEPLOYMENT_TARGET = 15.0;
				MTL_ENABLE_DEBUG_INFO = NO;
				MTL_FAST_MATH = YES;
				SDKROOT = macosx;
				SWIFT_COMPILATION_MODE = wholemodule;
			};
			name = Release;
		};
		31789BD22CC51D2F009F93C3 /* Debug */ = {
			isa = XCBuildConfiguration;
			buildSettings = {
				ASSETCATALOG_COMPILER_APPICON_NAME = AppIcon;
				ASSETCATALOG_COMPILER_GLOBAL_ACCENT_COLOR_NAME = AccentColor;
				CODE_SIGN_ENTITLEMENTS = alternative/alternative.entitlements;
				CODE_SIGN_STYLE = Automatic;
				COMBINE_HIDPI_IMAGES = YES;
				CURRENT_PROJECT_VERSION = 1;
				GENERATE_INFOPLIST_FILE = YES;
				INFOPLIST_KEY_NSHumanReadableCopyright = "";
				INFOPLIST_KEY_NSPrincipalClass = alternative.Alternative;
				LD_RUNPATH_SEARCH_PATHS = (
					"$(inherited)",
					"@executable_path/../Frameworks",
				);
				MARKETING_VERSION = 1.0;
				PRODUCT_BUNDLE_IDENTIFIER = com.tulushev.alternative;
				PRODUCT_NAME = "$(TARGET_NAME)";
				SWIFT_EMIT_LOC_STRINGS = YES;
				SWIFT_OBJC_BRIDGING_HEADER = "$(TARGET_NAME)/ShaderTypes.h";
				SWIFT_VERSION = 5.0;
			};
			name = Debug;
		};
		31789BD32CC51D2F009F93C3 /* Release */ = {
			isa = XCBuildConfiguration;
			buildSettings = {
				ASSETCATALOG_COMPILER_APPICON_NAME = AppIcon;
				ASSETCATALOG_COMPILER_GLOBAL_ACCENT_COLOR_NAME = AccentColor;
				CODE_SIGN_ENTITLEMENTS = alternative/alternative.entitlements;
				CODE_SIGN_STYLE = Automatic;
				COMBINE_HIDPI_IMAGES = YES;
				CURRENT_PROJECT_VERSION = 1;
				GENERATE_INFOPLIST_FILE = YES;
				INFOPLIST_KEY_NSHumanReadableCopyright = "";
				INFOPLIST_KEY_NSPrincipalClass = alternative.Alternative;
				LD_RUNPATH_SEARCH_PATHS = (
					"$(inherited)",
					"@executable_path/../Frameworks",
				);
				MARKETING_VERSION = 1.0;
				PRODUCT_BUNDLE_IDENTIFIER = com.tulushev.alternative;
				PRODUCT_NAME = "$(TARGET_NAME)";
				SWIFT_EMIT_LOC_STRINGS = YES;
				SWIFT_OBJC_BRIDGING_HEADER = "$(TARGET_NAME)/ShaderTypes.h";
				SWIFT_VERSION = 5.0;
			};
			name = Release;
		};
		31789BD52CC51D2F009F93C3 /* Debug */ = {
			isa = XCBuildConfiguration;
			buildSettings = {
				BUNDLE_LOADER = "$(TEST_HOST)";
				CODE_SIGN_STYLE = Automatic;
				CURRENT_PROJECT_VERSION = 1;
				GENERATE_INFOPLIST_FILE = YES;
				MACOSX_DEPLOYMENT_TARGET = 15.0;
				MARKETING_VERSION = 1.0;
				PRODUCT_BUNDLE_IDENTIFIER = com.tulushev.alternativeTests;
				PRODUCT_NAME = "$(TARGET_NAME)";
				SWIFT_EMIT_LOC_STRINGS = NO;
				SWIFT_VERSION = 5.0;
				TEST_HOST = "$(BUILT_PRODUCTS_DIR)/alternative.app/$(BUNDLE_EXECUTABLE_FOLDER_PATH)/alternative";
			};
			name = Debug;
		};
		31789BD62CC51D2F009F93C3 /* Release */ = {
			isa = XCBuildConfiguration;
			buildSettings = {
				BUNDLE_LOADER = "$(TEST_HOST)";
				CODE_SIGN_STYLE = Automatic;
				CURRENT_PROJECT_VERSION = 1;
				GENERATE_INFOPLIST_FILE = YES;
				MACOSX_DEPLOYMENT_TARGET = 15.0;
				MARKETING_VERSION = 1.0;
				PRODUCT_BUNDLE_IDENTIFIER = com.tulushev.alternativeTests;
				PRODUCT_NAME = "$(TARGET_NAME)";
				SWIFT_EMIT_LOC_STRINGS = NO;
				SWIFT_VERSION = 5.0;
				TEST_HOST = "$(BUILT_PRODUCTS_DIR)/alternative.app/$(BUNDLE_EXECUTABLE_FOLDER_PATH)/alternative";
			};
			name = Release;
		};
		31789BD82CC51D2F009F93C3 /* Debug */ = {
			isa = XCBuildConfiguration;
			buildSettings = {
				CODE_SIGN_STYLE = Automatic;
				CURRENT_PROJECT_VERSION = 1;
				GENERATE_INFOPLIST_FILE = YES;
				MARKETING_VERSION = 1.0;
				PRODUCT_BUNDLE_IDENTIFIER = com.tulushev.alternativeUITests;
				PRODUCT_NAME = "$(TARGET_NAME)";
				SWIFT_EMIT_LOC_STRINGS = NO;
				SWIFT_VERSION = 5.0;
				TEST_TARGET_NAME = alternative;
			};
			name = Debug;
		};
		31789BD92CC51D2F009F93C3 /* Release */ = {
			isa = XCBuildConfiguration;
			buildSettings = {
				CODE_SIGN_STYLE = Automatic;
				CURRENT_PROJECT_VERSION = 1;
				GENERATE_INFOPLIST_FILE = YES;
				MARKETING_VERSION = 1.0;
				PRODUCT_BUNDLE_IDENTIFIER = com.tulushev.alternativeUITests;
				PRODUCT_NAME = "$(TARGET_NAME)";
				SWIFT_EMIT_LOC_STRINGS = NO;
				SWIFT_VERSION = 5.0;
				TEST_TARGET_NAME = alternative;
			};
			name = Release;
		};
/* End XCBuildConfiguration section */

/* Begin XCConfigurationList section */
		31789BA22CC51D2D009F93C3 /* Build configuration list for PBXProject "alternative" */ = {
			isa = XCConfigurationList;
			buildConfigurations = (
				31789BCF2CC51D2F009F93C3 /* Debug */,
				31789BD02CC51D2F009F93C3 /* Release */,
			);
			defaultConfigurationIsVisible = 0;
			defaultConfigurationName = Release;
		};
		31789BD12CC51D2F009F93C3 /* Build configuration list for PBXNativeTarget "alternative" */ = {
			isa = XCConfigurationList;
			buildConfigurations = (
				31789BD22CC51D2F009F93C3 /* Debug */,
				31789BD32CC51D2F009F93C3 /* Release */,
			);
			defaultConfigurationIsVisible = 0;
			defaultConfigurationName = Release;
		};
		31789BD42CC51D2F009F93C3 /* Build configuration list for PBXNativeTarget "alternativeTests" */ = {
			isa = XCConfigurationList;
			buildConfigurations = (
				31789BD52CC51D2F009F93C3 /* Debug */,
				31789BD62CC51D2F009F93C3 /* Release */,
			);
			defaultConfigurationIsVisible = 0;
			defaultConfigurationName = Release;
		};
		31789BD72CC51D2F009F93C3 /* Build configuration list for PBXNativeTarget "alternativeUITests" */ = {
			isa = XCConfigurationList;
			buildConfigurations = (
				31789BD82CC51D2F009F93C3 /* Debug */,
				31789BD92CC51D2F009F93C3 /* Release */,
			);
			defaultConfigurationIsVisible = 0;
			defaultConfigurationName = Release;
		};
/* End XCConfigurationList section */
	};
	rootObject = 31789B9F2CC51D2D009F93C3 /* Project object */;
}
